
Microsoft Visual Studio Solution File, Format Version 12.00
# Visual Studio 15
VisualStudioVersion = 15.0.27703.2026
MinimumVisualStudioVersion = 10.0.40219.1
Project("{FAE04EC0-301F-11D3-BF4B-00C04F79EFBC}") = "WebApplication", "WebApplication\WebApplication.csproj", "{B5309262-EDD9-44F5-9D49-5E34EE6A0403}"
EndProject
Global
	GlobalSection(SolutionConfigurationPlatforms) = preSolution
		Debug|Any CPU = Debug|Any CPU
		Release|Any CPU = Release|Any CPU
	EndGlobalSection
	GlobalSection(ProjectConfigurationPlatforms) = postSolution
		{B5309262-EDD9-44F5-9D49-5E34EE6A0403}.Debug|Any CPU.ActiveCfg = Debug|Any CPU
		{B5309262-EDD9-44F5-9D49-5E34EE6A0403}.Debug|Any CPU.Build.0 = Debug|Any CPU
		{B5309262-EDD9-44F5-9D49-5E34EE6A0403}.Release|Any CPU.ActiveCfg = Release|Any CPU
		{B5309262-EDD9-44F5-9D49-5E34EE6A0403}.Release|Any CPU.Build.0 = Release|Any CPU
	EndGlobalSection
	GlobalSection(SolutionProperties) = preSolution
		HideSolutionNode = FALSE
	EndGlobalSection
	GlobalSection(ExtensibilityGlobals) = postSolution
		SolutionGuid = {329016B2-C73B-4A9C-AF0E-89DEFBD6EC1E}
	EndGlobalSection
EndGlobal
